# This file is automatically @generated by Cargo.
# It is not intended for manual editing.
version = 4

[[package]]
name = "boundra-cli"
version = "0.1.0"
dependencies = [
 "boundra-core",
 "boundra-parser",
 "boundra-rules",
]

[[package]]
name = "boundra-core"
version = "0.1.0"

[[package]]
name = "boundra-parser"
version = "0.1.0"
dependencies = [
 "boundra-core",
]

[[package]]
name = "boundra-rules"
version = "0.1.0"
dependencies = [
 "boundra-core",
 "boundra-parser",
]
